
Microsoft Visual Studio Solution File, Format Version 12.00
# Visual Studio Version 17
VisualStudioVersion = 17.13.35828.75 d17.13
MinimumVisualStudioVersion = 10.0.40219.1
Project("{FAE04EC0-301F-11D3-BF4B-00C04F79EFBC}") = "Web_Selenium_21_Anh", "Web_Selenium_21_Anh\Web_Selenium_21_Anh.csproj", "{3CCB84CF-1550-44B3-AE96-00CE0F8E6811}"
EndProject
Global
	GlobalSection(SolutionConfigurationPlatforms) = preSolution
		Debug|Any CPU = Debug|Any CPU
		Release|Any CPU = Release|Any CPU
	EndGlobalSection
	GlobalSection(ProjectConfigurationPlatforms) = postSolution
		{3CCB84CF-1550-44B3-AE96-00CE0F8E6811}.Debug|Any CPU.ActiveCfg = Debug|Any CPU
		{3CCB84CF-1550-44B3-AE96-00CE0F8E6811}.Debug|Any CPU.Build.0 = Debug|Any CPU
		{3CCB84CF-1550-44B3-AE96-00CE0F8E6811}.Release|Any CPU.ActiveCfg = Release|Any CPU
		{3CCB84CF-1550-44B3-AE96-00CE0F8E6811}.Release|Any CPU.Build.0 = Release|Any CPU
	EndGlobalSection
	GlobalSection(SolutionProperties) = preSolution
		HideSolutionNode = FALSE
	EndGlobalSection
	GlobalSection(ExtensibilityGlobals) = postSolution
		SolutionGuid = {8EBAADC3-49CB-42B3-98D1-041EB44443C3}
	EndGlobalSection
EndGlobal
